
Microsoft Visual Studio Solution File, Format Version 12.00
# Visual Studio Version 17
VisualStudioVersion = 17.8.34309.116
MinimumVisualStudioVersion = 10.0.40219.1
Project("{9A19103F-16F7-4668-BE54-9A1E7A4F7556}") = "CarRentalManagement.Server", "CarRentalManagement\Server\CarRentalManagement.Server.csproj", "{B8BF9F87-5526-48D0-9DA4-3D4A4780F1FB}"
EndProject
Project("{9A19103F-16F7-4668-BE54-9A1E7A4F7556}") = "CarRentalManagement.Client", "CarRentalManagement\Client\CarRentalManagement.Client.csproj", "{C627EDC9-A315-47EF-A5B3-C491205E7500}"
EndProject
Project("{9A19103F-16F7-4668-BE54-9A1E7A4F7556}") = "CarRentalManagement.Shared", "CarRentalManagement\Shared\CarRentalManagement.Shared.csproj", "{605B2CD1-2391-4A4C-971D-5449232D5952}"
EndProject
Global
	GlobalSection(SolutionConfigurationPlatforms) = preSolution
		Debug|Any CPU = Debug|Any CPU
		Release|Any CPU = Release|Any CPU
	EndGlobalSection
	GlobalSection(ProjectConfigurationPlatforms) = postSolution
		{B8BF9F87-5526-48D0-9DA4-3D4A4780F1FB}.Debug|Any CPU.ActiveCfg = Debug|Any CPU
		{B8BF9F87-5526-48D0-9DA4-3D4A4780F1FB}.Debug|Any CPU.Build.0 = Debug|Any CPU
		{B8BF9F87-5526-48D0-9DA4-3D4A4780F1FB}.Release|Any CPU.ActiveCfg = Release|Any CPU
		{B8BF9F87-5526-48D0-9DA4-3D4A4780F1FB}.Release|Any CPU.Build.0 = Release|Any CPU
		{C627EDC9-A315-47EF-A5B3-C491205E7500}.Debug|Any CPU.ActiveCfg = Debug|Any CPU
		{C627EDC9-A315-47EF-A5B3-C491205E7500}.Debug|Any CPU.Build.0 = Debug|Any CPU
		{C627EDC9-A315-47EF-A5B3-C491205E7500}.Release|Any CPU.ActiveCfg = Release|Any CPU
		{C627EDC9-A315-47EF-A5B3-C491205E7500}.Release|Any CPU.Build.0 = Release|Any CPU
		{605B2CD1-2391-4A4C-971D-5449232D5952}.Debug|Any CPU.ActiveCfg = Debug|Any CPU
		{605B2CD1-2391-4A4C-971D-5449232D5952}.Debug|Any CPU.Build.0 = Debug|Any CPU
		{605B2CD1-2391-4A4C-971D-5449232D5952}.Release|Any CPU.ActiveCfg = Release|Any CPU
		{605B2CD1-2391-4A4C-971D-5449232D5952}.Release|Any CPU.Build.0 = Release|Any CPU
	EndGlobalSection
	GlobalSection(SolutionProperties) = preSolution
		HideSolutionNode = FALSE
	EndGlobalSection
	GlobalSection(ExtensibilityGlobals) = postSolution
		SolutionGuid = {D6B1264F-87B2-4B3D-89C2-26CD11DAAB7E}
	EndGlobalSection
EndGlobal
